// !$*UTF8*$!
{
	archiveVersion = 1;
	classes = {
	};
	objectVersion = 50;
	objects = {

/* Begin PBXBuildFile section */
		D6198E6824E0E9FF00419AF6 /* YouEyeTracker.swift in Sources */ = {isa = PBXBuildFile; fileRef = D6198E6724E0E9FF00419AF6 /* YouEyeTracker.swift */; };
		D6198E7924E0EA4600419AF6 /* libYouEyeTracker.a in Frameworks */ = {isa = PBXBuildFile; fileRef = D6198E6424E0E9FF00419AF6 /* libYouEyeTracker.a */; };
		D6198E8624E0EAAD00419AF6 /* EyePositionSubscriber.swift in Sources */ = {isa = PBXBuildFile; fileRef = D6198E8124E0EAAD00419AF6 /* EyePositionSubscriber.swift */; };
		D6198E8724E0EAAD00419AF6 /* FaceAnchor.swift in Sources */ = {isa = PBXBuildFile; fileRef = D6198E8224E0EAAD00419AF6 /* FaceAnchor.swift */; };
		D6198E8824E0EAAD00419AF6 /* ARFaceNode.swift in Sources */ = {isa = PBXBuildFile; fileRef = D6198E8324E0EAAD00419AF6 /* ARFaceNode.swift */; };
		D6198E8924E0EAAD00419AF6 /* YouEyeTrackerConfiguration.swift in Sources */ = {isa = PBXBuildFile; fileRef = D6198E8424E0EAAD00419AF6 /* YouEyeTrackerConfiguration.swift */; };
		D6198E8A24E0EAAD00419AF6 /* SubscriptionManager.swift in Sources */ = {isa = PBXBuildFile; fileRef = D6198E8524E0EAAD00419AF6 /* SubscriptionManager.swift */; };
		D6198E8E24E0EABE00419AF6 /* Math+Averages.swift in Sources */ = {isa = PBXBuildFile; fileRef = D6198E8C24E0EABE00419AF6 /* Math+Averages.swift */; };
		D6198E8F24E0EABE00419AF6 /* float4x4+Translation.swift in Sources */ = {isa = PBXBuildFile; fileRef = D6198E8D24E0EABE00419AF6 /* float4x4+Translation.swift */; };
		D6198E9824E0EAE200419AF6 /* ARFaceNode_Behavior_Tests.swift in Sources */ = {isa = PBXBuildFile; fileRef = D6198E9124E0EAE200419AF6 /* ARFaceNode_Behavior_Tests.swift */; };
		D6198E9924E0EAE200419AF6 /* SubscriptionManager_Management_Tests.swift in Sources */ = {isa = PBXBuildFile; fileRef = D6198E9324E0EAE200419AF6 /* SubscriptionManager_Management_Tests.swift */; };
		D6198E9A24E0EAE200419AF6 /* Extension_Averaging_Tests.swift in Sources */ = {isa = PBXBuildFile; fileRef = D6198E9524E0EAE200419AF6 /* Extension_Averaging_Tests.swift */; };
		D6198EBD24E1046900419AF6 /* ARFaceNode_Initialization_Tests.swift in Sources */ = {isa = PBXBuildFile; fileRef = D6198EBC24E1046900419AF6 /* ARFaceNode_Initialization_Tests.swift */; };
		D6198EBF24E10FDE00419AF6 /* YouEyeTracker_StartingStopping_Tests.swift in Sources */ = {isa = PBXBuildFile; fileRef = D6198EBE24E10FDE00419AF6 /* YouEyeTracker_StartingStopping_Tests.swift */; };
		D6198EC124E1124300419AF6 /* YouEyeTracker_Configuration_Tests.swift in Sources */ = {isa = PBXBuildFile; fileRef = D6198EC024E1124300419AF6 /* YouEyeTracker_Configuration_Tests.swift */; };
		D6198EC624E1152400419AF6 /* YouEyeTracker_SubscriberBroadcasting_Tests.swift in Sources */ = {isa = PBXBuildFile; fileRef = D6198EC524E1152400419AF6 /* YouEyeTracker_SubscriberBroadcasting_Tests.swift */; };
		D6198EC824E1173A00419AF6 /* YouEyeTracker_DebuggingAndDemo_Tests.swift in Sources */ = {isa = PBXBuildFile; fileRef = D6198EC724E1173A00419AF6 /* YouEyeTracker_DebuggingAndDemo_Tests.swift */; };
		D6198ECA24E1175300419AF6 /* YouEyeTracker_ARSessionDelegation_Tests.swift in Sources */ = {isa = PBXBuildFile; fileRef = D6198EC924E1175300419AF6 /* YouEyeTracker_ARSessionDelegation_Tests.swift */; };
		D6198ECE24E11F6C00419AF6 /* Extension_Matrix_Tests.swift in Sources */ = {isa = PBXBuildFile; fileRef = D6198ECD24E11F6C00419AF6 /* Extension_Matrix_Tests.swift */; };
		D6198ED024E1248700419AF6 /* SubscriptionManager_Lifecycle_Tests.swift in Sources */ = {isa = PBXBuildFile; fileRef = D6198ECF24E1248700419AF6 /* SubscriptionManager_Lifecycle_Tests.swift */; };
/* End PBXBuildFile section */

/* Begin PBXContainerItemProxy section */
		D6198E7A24E0EA4600419AF6 /* PBXContainerItemProxy */ = {
			isa = PBXContainerItemProxy;
			containerPortal = D6198E5C24E0E9FF00419AF6 /* Project object */;
			proxyType = 1;
			remoteGlobalIDString = D6198E6324E0E9FF00419AF6;
			remoteInfo = YouEyeTracker;
		};
/* End PBXContainerItemProxy section */

/* Begin PBXCopyFilesBuildPhase section */
		D6198E6224E0E9FF00419AF6 /* CopyFiles */ = {
			isa = PBXCopyFilesBuildPhase;
			buildActionMask = 2147483647;
			dstPath = "include/$(PRODUCT_NAME)";
			dstSubfolderSpec = 16;
			files = (
			);
			runOnlyForDeploymentPostprocessing = 0;
		};
/* End PBXCopyFilesBuildPhase section */

/* Begin PBXFileReference section */
		D6198E6424E0E9FF00419AF6 /* libYouEyeTracker.a */ = {isa = PBXFileReference; explicitFileType = archive.ar; includeInIndex = 0; path = libYouEyeTracker.a; sourceTree = BUILT_PRODUCTS_DIR; };
		D6198E6724E0E9FF00419AF6 /* YouEyeTracker.swift */ = {isa = PBXFileReference; lastKnownFileType = sourcecode.swift; path = YouEyeTracker.swift; sourceTree = "<group>"; };
		D6198E7424E0EA4600419AF6 /* YouEyeTracker-Tests.xctest */ = {isa = PBXFileReference; explicitFileType = wrapper.cfbundle; includeInIndex = 0; path = "YouEyeTracker-Tests.xctest"; sourceTree = BUILT_PRODUCTS_DIR; };
		D6198E7824E0EA4600419AF6 /* Info.plist */ = {isa = PBXFileReference; lastKnownFileType = text.plist.xml; path = Info.plist; sourceTree = "<group>"; };
		D6198E8124E0EAAD00419AF6 /* EyePositionSubscriber.swift */ = {isa = PBXFileReference; fileEncoding = 4; lastKnownFileType = sourcecode.swift; path = EyePositionSubscriber.swift; sourceTree = "<group>"; };
		D6198E8224E0EAAD00419AF6 /* FaceAnchor.swift */ = {isa = PBXFileReference; fileEncoding = 4; lastKnownFileType = sourcecode.swift; path = FaceAnchor.swift; sourceTree = "<group>"; };
		D6198E8324E0EAAD00419AF6 /* ARFaceNode.swift */ = {isa = PBXFileReference; fileEncoding = 4; lastKnownFileType = sourcecode.swift; path = ARFaceNode.swift; sourceTree = "<group>"; };
		D6198E8424E0EAAD00419AF6 /* YouEyeTrackerConfiguration.swift */ = {isa = PBXFileReference; fileEncoding = 4; lastKnownFileType = sourcecode.swift; path = YouEyeTrackerConfiguration.swift; sourceTree = "<group>"; };
		D6198E8524E0EAAD00419AF6 /* SubscriptionManager.swift */ = {isa = PBXFileReference; fileEncoding = 4; lastKnownFileType = sourcecode.swift; path = SubscriptionManager.swift; sourceTree = "<group>"; };
		D6198E8C24E0EABE00419AF6 /* Math+Averages.swift */ = {isa = PBXFileReference; fileEncoding = 4; lastKnownFileType = sourcecode.swift; path = "Math+Averages.swift"; sourceTree = "<group>"; };
		D6198E8D24E0EABE00419AF6 /* float4x4+Translation.swift */ = {isa = PBXFileReference; fileEncoding = 4; lastKnownFileType = sourcecode.swift; path = "float4x4+Translation.swift"; sourceTree = "<group>"; };
		D6198E9124E0EAE200419AF6 /* ARFaceNode_Behavior_Tests.swift */ = {isa = PBXFileReference; fileEncoding = 4; lastKnownFileType = sourcecode.swift; path = ARFaceNode_Behavior_Tests.swift; sourceTree = "<group>"; };
		D6198E9324E0EAE200419AF6 /* SubscriptionManager_Management_Tests.swift */ = {isa = PBXFileReference; fileEncoding = 4; lastKnownFileType = sourcecode.swift; path = SubscriptionManager_Management_Tests.swift; sourceTree = "<group>"; };
		D6198E9524E0EAE200419AF6 /* Extension_Averaging_Tests.swift */ = {isa = PBXFileReference; fileEncoding = 4; lastKnownFileType = sourcecode.swift; path = Extension_Averaging_Tests.swift; sourceTree = "<group>"; };
		D6198EBC24E1046900419AF6 /* ARFaceNode_Initialization_Tests.swift */ = {isa = PBXFileReference; lastKnownFileType = sourcecode.swift; path = ARFaceNode_Initialization_Tests.swift; sourceTree = "<group>"; };
		D6198EBE24E10FDE00419AF6 /* YouEyeTracker_StartingStopping_Tests.swift */ = {isa = PBXFileReference; lastKnownFileType = sourcecode.swift; path = YouEyeTracker_StartingStopping_Tests.swift; sourceTree = "<group>"; };
		D6198EC024E1124300419AF6 /* YouEyeTracker_Configuration_Tests.swift */ = {isa = PBXFileReference; lastKnownFileType = sourcecode.swift; path = YouEyeTracker_Configuration_Tests.swift; sourceTree = "<group>"; };
		D6198EC524E1152400419AF6 /* YouEyeTracker_SubscriberBroadcasting_Tests.swift */ = {isa = PBXFileReference; lastKnownFileType = sourcecode.swift; path = YouEyeTracker_SubscriberBroadcasting_Tests.swift; sourceTree = "<group>"; };
		D6198EC724E1173A00419AF6 /* YouEyeTracker_DebuggingAndDemo_Tests.swift */ = {isa = PBXFileReference; lastKnownFileType = sourcecode.swift; path = YouEyeTracker_DebuggingAndDemo_Tests.swift; sourceTree = "<group>"; };
		D6198EC924E1175300419AF6 /* YouEyeTracker_ARSessionDelegation_Tests.swift */ = {isa = PBXFileReference; lastKnownFileType = sourcecode.swift; path = YouEyeTracker_ARSessionDelegation_Tests.swift; sourceTree = "<group>"; };
		D6198ECD24E11F6C00419AF6 /* Extension_Matrix_Tests.swift */ = {isa = PBXFileReference; lastKnownFileType = sourcecode.swift; path = Extension_Matrix_Tests.swift; sourceTree = "<group>"; };
		D6198ECF24E1248700419AF6 /* SubscriptionManager_Lifecycle_Tests.swift */ = {isa = PBXFileReference; lastKnownFileType = sourcecode.swift; path = SubscriptionManager_Lifecycle_Tests.swift; sourceTree = "<group>"; };
/* End PBXFileReference section */

/* Begin PBXFrameworksBuildPhase section */
		D6198E6124E0E9FF00419AF6 /* Frameworks */ = {
			isa = PBXFrameworksBuildPhase;
			buildActionMask = 2147483647;
			files = (
			);
			runOnlyForDeploymentPostprocessing = 0;
		};
		D6198E7124E0EA4600419AF6 /* Frameworks */ = {
			isa = PBXFrameworksBuildPhase;
			buildActionMask = 2147483647;
			files = (
				D6198E7924E0EA4600419AF6 /* libYouEyeTracker.a in Frameworks */,
			);
			runOnlyForDeploymentPostprocessing = 0;
		};
/* End PBXFrameworksBuildPhase section */

/* Begin PBXGroup section */
		D6198E5B24E0E9FF00419AF6 = {
			isa = PBXGroup;
			children = (
				D6198E6624E0E9FF00419AF6 /* YouEyeTracker */,
				D6198E7524E0EA4600419AF6 /* YouEyeTracker-Tests */,
				D6198E6524E0E9FF00419AF6 /* Products */,
			);
			sourceTree = "<group>";
		};
		D6198E6524E0E9FF00419AF6 /* Products */ = {
			isa = PBXGroup;
			children = (
				D6198E6424E0E9FF00419AF6 /* libYouEyeTracker.a */,
				D6198E7424E0EA4600419AF6 /* YouEyeTracker-Tests.xctest */,
			);
			name = Products;
			sourceTree = "<group>";
		};
		D6198E6624E0E9FF00419AF6 /* YouEyeTracker */ = {
			isa = PBXGroup;
			children = (
				D6198EC424E112D100419AF6 /* Primary Class */,
				D6198EC224E112B500419AF6 /* Subscriptions */,
				D6198EC324E112C900419AF6 /* Nodes and Anchors */,
				D6198E8B24E0EAB200419AF6 /* Extensions */,
			);
			path = YouEyeTracker;
			sourceTree = "<group>";
		};
		D6198E7524E0EA4600419AF6 /* YouEyeTracker-Tests */ = {
			isa = PBXGroup;
			children = (
				D6198E9624E0EAE200419AF6 /* YouEyeTracker Tests */,
				D6198E9024E0EAE200419AF6 /* ARFaceNode Tests */,
				D6198E9424E0EAE200419AF6 /* Extension Tests */,
				D6198E9224E0EAE200419AF6 /* SubscriptionManager Tests */,
				D6198E7824E0EA4600419AF6 /* Info.plist */,
			);
			path = "YouEyeTracker-Tests";
			sourceTree = "<group>";
		};
		D6198E8B24E0EAB200419AF6 /* Extensions */ = {
			isa = PBXGroup;
			children = (
				D6198E8D24E0EABE00419AF6 /* float4x4+Translation.swift */,
				D6198E8C24E0EABE00419AF6 /* Math+Averages.swift */,
			);
			path = Extensions;
			sourceTree = "<group>";
		};
		D6198E9024E0EAE200419AF6 /* ARFaceNode Tests */ = {
			isa = PBXGroup;
			children = (
				D6198EBC24E1046900419AF6 /* ARFaceNode_Initialization_Tests.swift */,
				D6198E9124E0EAE200419AF6 /* ARFaceNode_Behavior_Tests.swift */,
			);
			path = "ARFaceNode Tests";
			sourceTree = "<group>";
		};
		D6198E9224E0EAE200419AF6 /* SubscriptionManager Tests */ = {
			isa = PBXGroup;
			children = (
				D6198E9324E0EAE200419AF6 /* SubscriptionManager_Management_Tests.swift */,
				D6198ECF24E1248700419AF6 /* SubscriptionManager_Lifecycle_Tests.swift */,
			);
			path = "SubscriptionManager Tests";
			sourceTree = "<group>";
		};
		D6198E9424E0EAE200419AF6 /* Extension Tests */ = {
			isa = PBXGroup;
			children = (
				D6198E9524E0EAE200419AF6 /* Extension_Averaging_Tests.swift */,
				D6198ECD24E11F6C00419AF6 /* Extension_Matrix_Tests.swift */,
			);
			path = "Extension Tests";
			sourceTree = "<group>";
		};
		D6198E9624E0EAE200419AF6 /* YouEyeTracker Tests */ = {
			isa = PBXGroup;
			children = (
				D6198EC024E1124300419AF6 /* YouEyeTracker_Configuration_Tests.swift */,
				D6198EBE24E10FDE00419AF6 /* YouEyeTracker_StartingStopping_Tests.swift */,
				D6198EC524E1152400419AF6 /* YouEyeTracker_SubscriberBroadcasting_Tests.swift */,
				D6198EC924E1175300419AF6 /* YouEyeTracker_ARSessionDelegation_Tests.swift */,
				D6198EC724E1173A00419AF6 /* YouEyeTracker_DebuggingAndDemo_Tests.swift */,
			);
			path = "YouEyeTracker Tests";
			sourceTree = "<group>";
		};
		D6198EC224E112B500419AF6 /* Subscriptions */ = {
			isa = PBXGroup;
			children = (
				D6198E8524E0EAAD00419AF6 /* SubscriptionManager.swift */,
				D6198E8124E0EAAD00419AF6 /* EyePositionSubscriber.swift */,
			);
			path = Subscriptions;
			sourceTree = "<group>";
		};
		D6198EC324E112C900419AF6 /* Nodes and Anchors */ = {
			isa = PBXGroup;
			children = (
				D6198E8324E0EAAD00419AF6 /* ARFaceNode.swift */,
				D6198E8224E0EAAD00419AF6 /* FaceAnchor.swift */,
			);
			path = "Nodes and Anchors";
			sourceTree = "<group>";
		};
		D6198EC424E112D100419AF6 /* Primary Class */ = {
			isa = PBXGroup;
			children = (
				D6198E6724E0E9FF00419AF6 /* YouEyeTracker.swift */,
				D6198E8424E0EAAD00419AF6 /* YouEyeTrackerConfiguration.swift */,
			);
			path = "Primary Class";
			sourceTree = "<group>";
		};
/* End PBXGroup section */

/* Begin PBXNativeTarget section */
		D6198E6324E0E9FF00419AF6 /* YouEyeTracker */ = {
			isa = PBXNativeTarget;
			buildConfigurationList = D6198E6B24E0E9FF00419AF6 /* Build configuration list for PBXNativeTarget "YouEyeTracker" */;
			buildPhases = (
				D6198E6024E0E9FF00419AF6 /* Sources */,
				D6198E6124E0E9FF00419AF6 /* Frameworks */,
				D6198E6224E0E9FF00419AF6 /* CopyFiles */,
			);
			buildRules = (
			);
			dependencies = (
			);
			name = YouEyeTracker;
			productName = YouEyeTracker;
			productReference = D6198E6424E0E9FF00419AF6 /* libYouEyeTracker.a */;
			productType = "com.apple.product-type.library.static";
		};
		D6198E7324E0EA4600419AF6 /* YouEyeTracker-Tests */ = {
			isa = PBXNativeTarget;
			buildConfigurationList = D6198E7C24E0EA4600419AF6 /* Build configuration list for PBXNativeTarget "YouEyeTracker-Tests" */;
			buildPhases = (
				D6198E7024E0EA4600419AF6 /* Sources */,
				D6198E7124E0EA4600419AF6 /* Frameworks */,
				D6198E7224E0EA4600419AF6 /* Resources */,
			);
			buildRules = (
			);
			dependencies = (
				D6198E7B24E0EA4600419AF6 /* PBXTargetDependency */,
			);
			name = "YouEyeTracker-Tests";
			productName = "YouEyeTracker-Tests";
			productReference = D6198E7424E0EA4600419AF6 /* YouEyeTracker-Tests.xctest */;
			productType = "com.apple.product-type.bundle.unit-test";
		};
/* End PBXNativeTarget section */

/* Begin PBXProject section */
		D6198E5C24E0E9FF00419AF6 /* Project object */ = {
			isa = PBXProject;
			attributes = {
				LastSwiftUpdateCheck = 1150;
				LastUpgradeCheck = 1150;
				ORGANIZATIONNAME = "Eric Reedy";
				TargetAttributes = {
					D6198E6324E0E9FF00419AF6 = {
						CreatedOnToolsVersion = 11.5;
					};
					D6198E7324E0EA4600419AF6 = {
						CreatedOnToolsVersion = 11.5;
					};
				};
			};
			buildConfigurationList = D6198E5F24E0E9FF00419AF6 /* Build configuration list for PBXProject "YouEyeTracker" */;
			compatibilityVersion = "Xcode 9.3";
			developmentRegion = en;
			hasScannedForEncodings = 0;
			knownRegions = (
				en,
				Base,
			);
			mainGroup = D6198E5B24E0E9FF00419AF6;
			productRefGroup = D6198E6524E0E9FF00419AF6 /* Products */;
			projectDirPath = "";
			projectRoot = "";
			targets = (
				D6198E6324E0E9FF00419AF6 /* YouEyeTracker */,
				D6198E7324E0EA4600419AF6 /* YouEyeTracker-Tests */,
			);
		};
/* End PBXProject section */

/* Begin PBXResourcesBuildPhase section */
		D6198E7224E0EA4600419AF6 /* Resources */ = {
			isa = PBXResourcesBuildPhase;
			buildActionMask = 2147483647;
			files = (
			);
			runOnlyForDeploymentPostprocessing = 0;
		};
/* End PBXResourcesBuildPhase section */

/* Begin PBXSourcesBuildPhase section */
		D6198E6024E0E9FF00419AF6 /* Sources */ = {
			isa = PBXSourcesBuildPhase;
			buildActionMask = 2147483647;
			files = (
				D6198E8924E0EAAD00419AF6 /* YouEyeTrackerConfiguration.swift in Sources */,
				D6198E8724E0EAAD00419AF6 /* FaceAnchor.swift in Sources */,
				D6198E8A24E0EAAD00419AF6 /* SubscriptionManager.swift in Sources */,
				D6198E8624E0EAAD00419AF6 /* EyePositionSubscriber.swift in Sources */,
				D6198E6824E0E9FF00419AF6 /* YouEyeTracker.swift in Sources */,
				D6198E8F24E0EABE00419AF6 /* float4x4+Translation.swift in Sources */,
				D6198E8E24E0EABE00419AF6 /* Math+Averages.swift in Sources */,
				D6198E8824E0EAAD00419AF6 /* ARFaceNode.swift in Sources */,
			);
			runOnlyForDeploymentPostprocessing = 0;
		};
		D6198E7024E0EA4600419AF6 /* Sources */ = {
			isa = PBXSourcesBuildPhase;
			buildActionMask = 2147483647;
			files = (
				D6198E9924E0EAE200419AF6 /* SubscriptionManager_Management_Tests.swift in Sources */,
				D6198ECA24E1175300419AF6 /* YouEyeTracker_ARSessionDelegation_Tests.swift in Sources */,
				D6198EBD24E1046900419AF6 /* ARFaceNode_Initialization_Tests.swift in Sources */,
				D6198EBF24E10FDE00419AF6 /* YouEyeTracker_StartingStopping_Tests.swift in Sources */,
				D6198EC824E1173A00419AF6 /* YouEyeTracker_DebuggingAndDemo_Tests.swift in Sources */,
				D6198E9824E0EAE200419AF6 /* ARFaceNode_Behavior_Tests.swift in Sources */,
				D6198ECE24E11F6C00419AF6 /* Extension_Matrix_Tests.swift in Sources */,
				D6198EC624E1152400419AF6 /* YouEyeTracker_SubscriberBroadcasting_Tests.swift in Sources */,
				D6198E9A24E0EAE200419AF6 /* Extension_Averaging_Tests.swift in Sources */,
				D6198ED024E1248700419AF6 /* SubscriptionManager_Lifecycle_Tests.swift in Sources */,
				D6198EC124E1124300419AF6 /* YouEyeTracker_Configuration_Tests.swift in Sources */,
			);
			runOnlyForDeploymentPostprocessing = 0;
		};
/* End PBXSourcesBuildPhase section */

/* Begin PBXTargetDependency section */
		D6198E7B24E0EA4600419AF6 /* PBXTargetDependency */ = {
			isa = PBXTargetDependency;
			target = D6198E6324E0E9FF00419AF6 /* YouEyeTracker */;
			targetProxy = D6198E7A24E0EA4600419AF6 /* PBXContainerItemProxy */;
		};
/* End PBXTargetDependency section */

/* Begin XCBuildConfiguration section */
		D6198E6924E0E9FF00419AF6 /* Debug */ = {
			isa = XCBuildConfiguration;
			buildSettings = {
				ALWAYS_SEARCH_USER_PATHS = NO;
				CLANG_ANALYZER_NONNULL = YES;
				CLANG_ANALYZER_NUMBER_OBJECT_CONVERSION = YES_AGGRESSIVE;
				CLANG_CXX_LANGUAGE_STANDARD = "gnu++14";
				CLANG_CXX_LIBRARY = "libc++";
				CLANG_ENABLE_MODULES = YES;
				CLANG_ENABLE_OBJC_ARC = YES;
				CLANG_ENABLE_OBJC_WEAK = YES;
				CLANG_WARN_BLOCK_CAPTURE_AUTORELEASING = YES;
				CLANG_WARN_BOOL_CONVERSION = YES;
				CLANG_WARN_COMMA = YES;
				CLANG_WARN_CONSTANT_CONVERSION = YES;
				CLANG_WARN_DEPRECATED_OBJC_IMPLEMENTATIONS = YES;
				CLANG_WARN_DIRECT_OBJC_ISA_USAGE = YES_ERROR;
				CLANG_WARN_DOCUMENTATION_COMMENTS = YES;
				CLANG_WARN_EMPTY_BODY = YES;
				CLANG_WARN_ENUM_CONVERSION = YES;
				CLANG_WARN_INFINITE_RECURSION = YES;
				CLANG_WARN_INT_CONVERSION = YES;
				CLANG_WARN_NON_LITERAL_NULL_CONVERSION = YES;
				CLANG_WARN_OBJC_IMPLICIT_RETAIN_SELF = YES;
				CLANG_WARN_OBJC_LITERAL_CONVERSION = YES;
				CLANG_WARN_OBJC_ROOT_CLASS = YES_ERROR;
				CLANG_WARN_RANGE_LOOP_ANALYSIS = YES;
				CLANG_WARN_STRICT_PROTOTYPES = YES;
				CLANG_WARN_SUSPICIOUS_MOVE = YES;
				CLANG_WARN_UNGUARDED_AVAILABILITY = YES_AGGRESSIVE;
				CLANG_WARN_UNREACHABLE_CODE = YES;
				CLANG_WARN__DUPLICATE_METHOD_MATCH = YES;
				COPY_PHASE_STRIP = NO;
				DEBUG_INFORMATION_FORMAT = dwarf;
				ENABLE_STRICT_OBJC_MSGSEND = YES;
				ENABLE_TESTABILITY = YES;
				GCC_C_LANGUAGE_STANDARD = gnu11;
				GCC_DYNAMIC_NO_PIC = NO;
				GCC_NO_COMMON_BLOCKS = YES;
				GCC_OPTIMIZATION_LEVEL = 0;
				GCC_PREPROCESSOR_DEFINITIONS = (
					"DEBUG=1",
					"$(inherited)",
				);
				GCC_WARN_64_TO_32_BIT_CONVERSION = YES;
				GCC_WARN_ABOUT_RETURN_TYPE = YES_ERROR;
				GCC_WARN_UNDECLARED_SELECTOR = YES;
				GCC_WARN_UNINITIALIZED_AUTOS = YES_AGGRESSIVE;
				GCC_WARN_UNUSED_FUNCTION = YES;
				GCC_WARN_UNUSED_VARIABLE = YES;
				IPHONEOS_DEPLOYMENT_TARGET = 13.5;
				MTL_ENABLE_DEBUG_INFO = INCLUDE_SOURCE;
				MTL_FAST_MATH = YES;
				ONLY_ACTIVE_ARCH = YES;
				SDKROOT = iphoneos;
				SWIFT_ACTIVE_COMPILATION_CONDITIONS = DEBUG;
				SWIFT_OPTIMIZATION_LEVEL = "-Onone";
			};
			name = Debug;
		};
		D6198E6A24E0E9FF00419AF6 /* Release */ = {
			isa = XCBuildConfiguration;
			buildSettings = {
				ALWAYS_SEARCH_USER_PATHS = NO;
				CLANG_ANALYZER_NONNULL = YES;
				CLANG_ANALYZER_NUMBER_OBJECT_CONVERSION = YES_AGGRESSIVE;
				CLANG_CXX_LANGUAGE_STANDARD = "gnu++14";
				CLANG_CXX_LIBRARY = "libc++";
				CLANG_ENABLE_MODULES = YES;
				CLANG_ENABLE_OBJC_ARC = YES;
				CLANG_ENABLE_OBJC_WEAK = YES;
				CLANG_WARN_BLOCK_CAPTURE_AUTORELEASING = YES;
				CLANG_WARN_BOOL_CONVERSION = YES;
				CLANG_WARN_COMMA = YES;
				CLANG_WARN_CONSTANT_CONVERSION = YES;
				CLANG_WARN_DEPRECATED_OBJC_IMPLEMENTATIONS = YES;
				CLANG_WARN_DIRECT_OBJC_ISA_USAGE = YES_ERROR;
				CLANG_WARN_DOCUMENTATION_COMMENTS = YES;
				CLANG_WARN_EMPTY_BODY = YES;
				CLANG_WARN_ENUM_CONVERSION = YES;
				CLANG_WARN_INFINITE_RECURSION = YES;
				CLANG_WARN_INT_CONVERSION = YES;
				CLANG_WARN_NON_LITERAL_NULL_CONVERSION = YES;
				CLANG_WARN_OBJC_IMPLICIT_RETAIN_SELF = YES;
				CLANG_WARN_OBJC_LITERAL_CONVERSION = YES;
				CLANG_WARN_OBJC_ROOT_CLASS = YES_ERROR;
				CLANG_WARN_RANGE_LOOP_ANALYSIS = YES;
				CLANG_WARN_STRICT_PROTOTYPES = YES;
				CLANG_WARN_SUSPICIOUS_MOVE = YES;
				CLANG_WARN_UNGUARDED_AVAILABILITY = YES_AGGRESSIVE;
				CLANG_WARN_UNREACHABLE_CODE = YES;
				CLANG_WARN__DUPLICATE_METHOD_MATCH = YES;
				COPY_PHASE_STRIP = NO;
				DEBUG_INFORMATION_FORMAT = "dwarf-with-dsym";
				ENABLE_NS_ASSERTIONS = NO;
				ENABLE_STRICT_OBJC_MSGSEND = YES;
				GCC_C_LANGUAGE_STANDARD = gnu11;
				GCC_NO_COMMON_BLOCKS = YES;
				GCC_WARN_64_TO_32_BIT_CONVERSION = YES;
				GCC_WARN_ABOUT_RETURN_TYPE = YES_ERROR;
				GCC_WARN_UNDECLARED_SELECTOR = YES;
				GCC_WARN_UNINITIALIZED_AUTOS = YES_AGGRESSIVE;
				GCC_WARN_UNUSED_FUNCTION = YES;
				GCC_WARN_UNUSED_VARIABLE = YES;
				IPHONEOS_DEPLOYMENT_TARGET = 13.5;
				MTL_ENABLE_DEBUG_INFO = NO;
				MTL_FAST_MATH = YES;
				SDKROOT = iphoneos;
				SWIFT_COMPILATION_MODE = wholemodule;
				SWIFT_OPTIMIZATION_LEVEL = "-O";
				VALIDATE_PRODUCT = YES;
			};
			name = Release;
		};
		D6198E6C24E0E9FF00419AF6 /* Debug */ = {
			isa = XCBuildConfiguration;
			buildSettings = {
				CODE_SIGN_STYLE = Automatic;
				DEVELOPMENT_TEAM = 2AEX5V64Z7;
				OTHER_LDFLAGS = "-ObjC";
				PRODUCT_NAME = "$(TARGET_NAME)";
				SKIP_INSTALL = YES;
				SWIFT_VERSION = 5.0;
				TARGETED_DEVICE_FAMILY = "1,2";
			};
			name = Debug;
		};
		D6198E6D24E0E9FF00419AF6 /* Release */ = {
			isa = XCBuildConfiguration;
			buildSettings = {
				CODE_SIGN_STYLE = Automatic;
				DEVELOPMENT_TEAM = 2AEX5V64Z7;
				OTHER_LDFLAGS = "-ObjC";
				PRODUCT_NAME = "$(TARGET_NAME)";
				SKIP_INSTALL = YES;
				SWIFT_VERSION = 5.0;
				TARGETED_DEVICE_FAMILY = "1,2";
			};
			name = Release;
		};
		D6198E6E24E0EA1300419AF6 /* Test */ = {
			isa = XCBuildConfiguration;
			buildSettings = {
				ALWAYS_SEARCH_USER_PATHS = NO;
				CLANG_ANALYZER_NONNULL = YES;
				CLANG_ANALYZER_NUMBER_OBJECT_CONVERSION = YES_AGGRESSIVE;
				CLANG_CXX_LANGUAGE_STANDARD = "gnu++14";
				CLANG_CXX_LIBRARY = "libc++";
				CLANG_ENABLE_MODULES = YES;
				CLANG_ENABLE_OBJC_ARC = YES;
				CLANG_ENABLE_OBJC_WEAK = YES;
				CLANG_WARN_BLOCK_CAPTURE_AUTORELEASING = YES;
				CLANG_WARN_BOOL_CONVERSION = YES;
				CLANG_WARN_COMMA = YES;
				CLANG_WARN_CONSTANT_CONVERSION = YES;
				CLANG_WARN_DEPRECATED_OBJC_IMPLEMENTATIONS = YES;
				CLANG_WARN_DIRECT_OBJC_ISA_USAGE = YES_ERROR;
				CLANG_WARN_DOCUMENTATION_COMMENTS = YES;
				CLANG_WARN_EMPTY_BODY = YES;
				CLANG_WARN_ENUM_CONVERSION = YES;
				CLANG_WARN_INFINITE_RECURSION = YES;
				CLANG_WARN_INT_CONVERSION = YES;
				CLANG_WARN_NON_LITERAL_NULL_CONVERSION = YES;
				CLANG_WARN_OBJC_IMPLICIT_RETAIN_SELF = YES;
				CLANG_WARN_OBJC_LITERAL_CONVERSION = YES;
				CLANG_WARN_OBJC_ROOT_CLASS = YES_ERROR;
				CLANG_WARN_RANGE_LOOP_ANALYSIS = YES;
				CLANG_WARN_STRICT_PROTOTYPES = YES;
				CLANG_WARN_SUSPICIOUS_MOVE = YES;
				CLANG_WARN_UNGUARDED_AVAILABILITY = YES_AGGRESSIVE;
				CLANG_WARN_UNREACHABLE_CODE = YES;
				CLANG_WARN__DUPLICATE_METHOD_MATCH = YES;
				COPY_PHASE_STRIP = NO;
				DEBUG_INFORMATION_FORMAT = dwarf;
				ENABLE_STRICT_OBJC_MSGSEND = YES;
				ENABLE_TESTABILITY = YES;
				GCC_C_LANGUAGE_STANDARD = gnu11;
				GCC_DYNAMIC_NO_PIC = NO;
				GCC_NO_COMMON_BLOCKS = YES;
				GCC_OPTIMIZATION_LEVEL = 0;
				GCC_PREPROCESSOR_DEFINITIONS = (
					"DEBUG=1",
					"$(inherited)",
				);
				GCC_WARN_64_TO_32_BIT_CONVERSION = YES;
				GCC_WARN_ABOUT_RETURN_TYPE = YES_ERROR;
				GCC_WARN_UNDECLARED_SELECTOR = YES;
				GCC_WARN_UNINITIALIZED_AUTOS = YES_AGGRESSIVE;
				GCC_WARN_UNUSED_FUNCTION = YES;
				GCC_WARN_UNUSED_VARIABLE = YES;
				IPHONEOS_DEPLOYMENT_TARGET = 13.5;
				MTL_ENABLE_DEBUG_INFO = INCLUDE_SOURCE;
				MTL_FAST_MATH = YES;
				ONLY_ACTIVE_ARCH = YES;
				OTHER_SWIFT_FLAGS = "-DTESTING";
				SDKROOT = iphoneos;
				SWIFT_ACTIVE_COMPILATION_CONDITIONS = DEBUG;
				SWIFT_OPTIMIZATION_LEVEL = "-Onone";
			};
			name = Test;
		};
		D6198E6F24E0EA1300419AF6 /* Test */ = {
			isa = XCBuildConfiguration;
			buildSettings = {
				CODE_SIGN_STYLE = Automatic;
				DEVELOPMENT_TEAM = 2AEX5V64Z7;
				OTHER_LDFLAGS = "-ObjC";
				PRODUCT_NAME = "$(TARGET_NAME)";
				SKIP_INSTALL = YES;
				SWIFT_VERSION = 5.0;
				TARGETED_DEVICE_FAMILY = "1,2";
			};
			name = Test;
		};
		D6198E7D24E0EA4600419AF6 /* Debug */ = {
			isa = XCBuildConfiguration;
			buildSettings = {
				CODE_SIGN_STYLE = Automatic;
				DEVELOPMENT_TEAM = 2AEX5V64Z7;
				INFOPLIST_FILE = "YouEyeTracker-Tests/Info.plist";
				LD_RUNPATH_SEARCH_PATHS = (
					"$(inherited)",
					"@executable_path/Frameworks",
					"@loader_path/Frameworks",
				);
				PRODUCT_BUNDLE_IDENTIFIER = "digital.mre.YouEyeTracker-Tests";
				PRODUCT_NAME = "$(TARGET_NAME)";
				SWIFT_VERSION = 5.0;
				TARGETED_DEVICE_FAMILY = "1,2";
			};
			name = Debug;
		};
		D6198E7E24E0EA4600419AF6 /* Test */ = {
			isa = XCBuildConfiguration;
			buildSettings = {
				CODE_SIGN_STYLE = Automatic;
				DEVELOPMENT_TEAM = 2AEX5V64Z7;
				INFOPLIST_FILE = "YouEyeTracker-Tests/Info.plist";
				LD_RUNPATH_SEARCH_PATHS = (
					"$(inherited)",
					"@executable_path/Frameworks",
					"@loader_path/Frameworks",
				);
				PRODUCT_BUNDLE_IDENTIFIER = "digital.mre.YouEyeTracker-Tests";
				PRODUCT_NAME = "$(TARGET_NAME)";
				SWIFT_VERSION = 5.0;
				TARGETED_DEVICE_FAMILY = "1,2";
			};
			name = Test;
		};
		D6198E7F24E0EA4600419AF6 /* Release */ = {
			isa = XCBuildConfiguration;
			buildSettings = {
				CODE_SIGN_STYLE = Automatic;
				DEVELOPMENT_TEAM = 2AEX5V64Z7;
				INFOPLIST_FILE = "YouEyeTracker-Tests/Info.plist";
				LD_RUNPATH_SEARCH_PATHS = (
					"$(inherited)",
					"@executable_path/Frameworks",
					"@loader_path/Frameworks",
				);
				PRODUCT_BUNDLE_IDENTIFIER = "digital.mre.YouEyeTracker-Tests";
				PRODUCT_NAME = "$(TARGET_NAME)";
				SWIFT_VERSION = 5.0;
				TARGETED_DEVICE_FAMILY = "1,2";
			};
			name = Release;
		};
/* End XCBuildConfiguration section */

/* Begin XCConfigurationList section */
		D6198E5F24E0E9FF00419AF6 /* Build configuration list for PBXProject "YouEyeTracker" */ = {
			isa = XCConfigurationList;
			buildConfigurations = (
				D6198E6924E0E9FF00419AF6 /* Debug */,
				D6198E6E24E0EA1300419AF6 /* Test */,
				D6198E6A24E0E9FF00419AF6 /* Release */,
			);
			defaultConfigurationIsVisible = 0;
			defaultConfigurationName = Release;
		};
		D6198E6B24E0E9FF00419AF6 /* Build configuration list for PBXNativeTarget "YouEyeTracker" */ = {
			isa = XCConfigurationList;
			buildConfigurations = (
				D6198E6C24E0E9FF00419AF6 /* Debug */,
				D6198E6F24E0EA1300419AF6 /* Test */,
				D6198E6D24E0E9FF00419AF6 /* Release */,
			);
			defaultConfigurationIsVisible = 0;
			defaultConfigurationName = Release;
		};
		D6198E7C24E0EA4600419AF6 /* Build configuration list for PBXNativeTarget "YouEyeTracker-Tests" */ = {
			isa = XCConfigurationList;
			buildConfigurations = (
				D6198E7D24E0EA4600419AF6 /* Debug */,
				D6198E7E24E0EA4600419AF6 /* Test */,
				D6198E7F24E0EA4600419AF6 /* Release */,
			);
			defaultConfigurationIsVisible = 0;
			defaultConfigurationName = Release;
		};
/* End XCConfigurationList section */
	};
	rootObject = D6198E5C24E0E9FF00419AF6 /* Project object */;
}
